
Microsoft Visual Studio Solution File, Format Version 12.00
# Visual Studio Version 16
VisualStudioVersion = 16.0.29209.62
MinimumVisualStudioVersion = 10.0.40219.1
Project("{FAE04EC0-301F-11D3-BF4B-00C04F79EFBC}") = "CursoCSharp", "CursoCSharp\CursoCSharp.csproj", "{64F77F08-65DB-4682-B8DE-58E8B0114B53}"
EndProject
Global
	GlobalSection(SolutionConfigurationPlatforms) = preSolution
		Debug|Any CPU = Debug|Any CPU
		Release|Any CPU = Release|Any CPU
	EndGlobalSection
	GlobalSection(ProjectConfigurationPlatforms) = postSolution
		{64F77F08-65DB-4682-B8DE-58E8B0114B53}.Debug|Any CPU.ActiveCfg = Debug|Any CPU
		{64F77F08-65DB-4682-B8DE-58E8B0114B53}.Debug|Any CPU.Build.0 = Debug|Any CPU
		{64F77F08-65DB-4682-B8DE-58E8B0114B53}.Release|Any CPU.ActiveCfg = Release|Any CPU
		{64F77F08-65DB-4682-B8DE-58E8B0114B53}.Release|Any CPU.Build.0 = Release|Any CPU
	EndGlobalSection
	GlobalSection(SolutionProperties) = preSolution
		HideSolutionNode = FALSE
	EndGlobalSection
	GlobalSection(ExtensibilityGlobals) = postSolution
		SolutionGuid = {77CA3049-58F9-4164-A0AC-B28960DD113A}
	EndGlobalSection
EndGlobal
